
Microsoft Visual Studio Solution File, Format Version 12.00
# Visual Studio Version 17
VisualStudioVersion = 17.11.35312.102
MinimumVisualStudioVersion = 10.0.40219.1
Project("{FAE04EC0-301F-11D3-BF4B-00C04F79EFBC}") = "CalculatorApp", "CalculatorApp.csproj", "{D915D2B1-9803-4135-8A3E-01591044BA8C}"
EndProject
Global
	GlobalSection(SolutionConfigurationPlatforms) = preSolution
		Debug|Any CPU = Debug|Any CPU
		Release|Any CPU = Release|Any CPU
	EndGlobalSection
	GlobalSection(ProjectConfigurationPlatforms) = postSolution
		{D915D2B1-9803-4135-8A3E-01591044BA8C}.Debug|Any CPU.ActiveCfg = Debug|Any CPU
		{D915D2B1-9803-4135-8A3E-01591044BA8C}.Debug|Any CPU.Build.0 = Debug|Any CPU
		{D915D2B1-9803-4135-8A3E-01591044BA8C}.Release|Any CPU.ActiveCfg = Release|Any CPU
		{D915D2B1-9803-4135-8A3E-01591044BA8C}.Release|Any CPU.Build.0 = Release|Any CPU
	EndGlobalSection
	GlobalSection(SolutionProperties) = preSolution
		HideSolutionNode = FALSE
	EndGlobalSection
	GlobalSection(ExtensibilityGlobals) = postSolution
		SolutionGuid = {1D4FA762-3394-4B44-92C5-BEAF575A8D46}
	EndGlobalSection
EndGlobal
